
Microsoft Visual Studio Solution File, Format Version 12.00
# Visual Studio Version 17
VisualStudioVersion = 17.0.31919.166
MinimumVisualStudioVersion = 10.0.40219.1
Project("{FAE04EC0-301F-11D3-BF4B-00C04F79EFBC}") = "AspNetMvcBlog", "AspNetMvcBlog\AspNetMvcBlog.csproj", "{9EB342CA-1595-40D7-A4C3-19B710110909}"
EndProject
Global
	GlobalSection(SolutionConfigurationPlatforms) = preSolution
		Debug|Any CPU = Debug|Any CPU
		Release|Any CPU = Release|Any CPU
	EndGlobalSection
	GlobalSection(ProjectConfigurationPlatforms) = postSolution
		{9EB342CA-1595-40D7-A4C3-19B710110909}.Debug|Any CPU.ActiveCfg = Debug|Any CPU
		{9EB342CA-1595-40D7-A4C3-19B710110909}.Debug|Any CPU.Build.0 = Debug|Any CPU
		{9EB342CA-1595-40D7-A4C3-19B710110909}.Release|Any CPU.ActiveCfg = Release|Any CPU
		{9EB342CA-1595-40D7-A4C3-19B710110909}.Release|Any CPU.Build.0 = Release|Any CPU
	EndGlobalSection
	GlobalSection(SolutionProperties) = preSolution
		HideSolutionNode = FALSE
	EndGlobalSection
	GlobalSection(ExtensibilityGlobals) = postSolution
		SolutionGuid = {3D975FD7-70B3-46F6-BF23-2AC052888C76}
	EndGlobalSection
EndGlobal
